
Microsoft Visual Studio Solution File, Format Version 12.00
# Visual Studio Version 16
VisualStudioVersion = 16.0.32126.315
MinimumVisualStudioVersion = 10.0.40219.1
Project("{9A19103F-16F7-4668-BE54-9A1E7A4F7556}") = "InclusionVirtual", "InclusionVirtual\InclusionVirtual.csproj", "{8E032C1F-9800-4701-96EA-03965B30A898}"
EndProject
Project("{FAE04EC0-301F-11D3-BF4B-00C04F79EFBC}") = "PruebasUnitarias", "PruebasUnitarias\PruebasUnitarias.csproj", "{93963155-F516-49C5-93ED-4A149EAC0B01}"
EndProject
Global
	GlobalSection(SolutionConfigurationPlatforms) = preSolution
		Debug|Any CPU = Debug|Any CPU
		Release|Any CPU = Release|Any CPU
	EndGlobalSection
	GlobalSection(ProjectConfigurationPlatforms) = postSolution
		{8E032C1F-9800-4701-96EA-03965B30A898}.Debug|Any CPU.ActiveCfg = Debug|Any CPU
		{8E032C1F-9800-4701-96EA-03965B30A898}.Debug|Any CPU.Build.0 = Debug|Any CPU
		{8E032C1F-9800-4701-96EA-03965B30A898}.Release|Any CPU.ActiveCfg = Release|Any CPU
		{8E032C1F-9800-4701-96EA-03965B30A898}.Release|Any CPU.Build.0 = Release|Any CPU
		{93963155-F516-49C5-93ED-4A149EAC0B01}.Debug|Any CPU.ActiveCfg = Debug|Any CPU
		{93963155-F516-49C5-93ED-4A149EAC0B01}.Debug|Any CPU.Build.0 = Debug|Any CPU
		{93963155-F516-49C5-93ED-4A149EAC0B01}.Release|Any CPU.ActiveCfg = Release|Any CPU
		{93963155-F516-49C5-93ED-4A149EAC0B01}.Release|Any CPU.Build.0 = Release|Any CPU
	EndGlobalSection
	GlobalSection(SolutionProperties) = preSolution
		HideSolutionNode = FALSE
	EndGlobalSection
	GlobalSection(ExtensibilityGlobals) = postSolution
		SolutionGuid = {9D31E1D4-AE77-40BF-9FFA-23F89A52136E}
	EndGlobalSection
EndGlobal
